
Microsoft Visual Studio Solution File, Format Version 12.00
# Visual Studio Version 17
VisualStudioVersion = 17.10.35122.118
MinimumVisualStudioVersion = 10.0.40219.1
Project("{FAE04EC0-301F-11D3-BF4B-00C04F79EFBC}") = "angular-signal-api", "angular-signal-api\angular-signal-api.csproj", "{39C6500B-FA8B-44AF-BFCD-EA38FDED1712}"
EndProject
Global
	GlobalSection(SolutionConfigurationPlatforms) = preSolution
		Debug|Any CPU = Debug|Any CPU
		Release|Any CPU = Release|Any CPU
	EndGlobalSection
	GlobalSection(ProjectConfigurationPlatforms) = postSolution
		{39C6500B-FA8B-44AF-BFCD-EA38FDED1712}.Debug|Any CPU.ActiveCfg = Debug|Any CPU
		{39C6500B-FA8B-44AF-BFCD-EA38FDED1712}.Debug|Any CPU.Build.0 = Debug|Any CPU
		{39C6500B-FA8B-44AF-BFCD-EA38FDED1712}.Release|Any CPU.ActiveCfg = Release|Any CPU
		{39C6500B-FA8B-44AF-BFCD-EA38FDED1712}.Release|Any CPU.Build.0 = Release|Any CPU
	EndGlobalSection
	GlobalSection(SolutionProperties) = preSolution
		HideSolutionNode = FALSE
	EndGlobalSection
	GlobalSection(ExtensibilityGlobals) = postSolution
		SolutionGuid = {D732AFD8-86E5-4311-A199-F8CAE00B477D}
	EndGlobalSection
EndGlobal
